
Microsoft Visual Studio Solution File, Format Version 12.00
# Visual Studio Version 16
VisualStudioVersion = 16.0.29025.244
MinimumVisualStudioVersion = 10.0.40219.1
Project("{8BC9CEB8-8B4A-11D0-8D11-00A0C91BC942}") = "11726", "11726.vcxproj", "{A83A11CA-1B19-4874-92C6-E6B65D977D51}"
EndProject
Global
	GlobalSection(SolutionConfigurationPlatforms) = preSolution
		Debug|x64 = Debug|x64
		Debug|x86 = Debug|x86
		Release|x64 = Release|x64
		Release|x86 = Release|x86
	EndGlobalSection
	GlobalSection(ProjectConfigurationPlatforms) = postSolution
		{A83A11CA-1B19-4874-92C6-E6B65D977D51}.Debug|x64.ActiveCfg = Debug|x64
		{A83A11CA-1B19-4874-92C6-E6B65D977D51}.Debug|x64.Build.0 = Debug|x64
		{A83A11CA-1B19-4874-92C6-E6B65D977D51}.Debug|x86.ActiveCfg = Debug|Win32
		{A83A11CA-1B19-4874-92C6-E6B65D977D51}.Debug|x86.Build.0 = Debug|Win32
		{A83A11CA-1B19-4874-92C6-E6B65D977D51}.Release|x64.ActiveCfg = Release|x64
		{A83A11CA-1B19-4874-92C6-E6B65D977D51}.Release|x64.Build.0 = Release|x64
		{A83A11CA-1B19-4874-92C6-E6B65D977D51}.Release|x86.ActiveCfg = Release|Win32
		{A83A11CA-1B19-4874-92C6-E6B65D977D51}.Release|x86.Build.0 = Release|Win32
	EndGlobalSection
	GlobalSection(SolutionProperties) = preSolution
		HideSolutionNode = FALSE
	EndGlobalSection
	GlobalSection(ExtensibilityGlobals) = postSolution
		SolutionGuid = {C1395427-6856-458C-936A-9936EA8AFB55}
	EndGlobalSection
EndGlobal
